
Microsoft Visual Studio Solution File, Format Version 12.00
# Visual Studio Version 17
VisualStudioVersion = 17.2.32630.192
MinimumVisualStudioVersion = 10.0.40219.1
Project("{FAE04EC0-301F-11D3-BF4B-00C04F79EFBC}") = "CheckDay", "CheckDay\CheckDay.csproj", "{5D72D2E3-5ED9-4C29-9D2A-E5A7C5A7012F}"
EndProject
Global
	GlobalSection(SolutionConfigurationPlatforms) = preSolution
		Debug|Any CPU = Debug|Any CPU
		Release|Any CPU = Release|Any CPU
	EndGlobalSection
	GlobalSection(ProjectConfigurationPlatforms) = postSolution
		{5D72D2E3-5ED9-4C29-9D2A-E5A7C5A7012F}.Debug|Any CPU.ActiveCfg = Debug|Any CPU
		{5D72D2E3-5ED9-4C29-9D2A-E5A7C5A7012F}.Debug|Any CPU.Build.0 = Debug|Any CPU
		{5D72D2E3-5ED9-4C29-9D2A-E5A7C5A7012F}.Release|Any CPU.ActiveCfg = Release|Any CPU
		{5D72D2E3-5ED9-4C29-9D2A-E5A7C5A7012F}.Release|Any CPU.Build.0 = Release|Any CPU
	EndGlobalSection
	GlobalSection(SolutionProperties) = preSolution
		HideSolutionNode = FALSE
	EndGlobalSection
	GlobalSection(ExtensibilityGlobals) = postSolution
		SolutionGuid = {4CB2954F-DD8E-4447-A4CD-63D17C74568A}
	EndGlobalSection
EndGlobal
